
Microsoft Visual Studio Solution File, Format Version 12.00
# Visual Studio Version 17
VisualStudioVersion = 17.14.36408.4 d17.14
MinimumVisualStudioVersion = 10.0.40219.1
Project("{FAE04EC0-301F-11D3-BF4B-00C04F79EFBC}") = "StringUtilitiesLib", "StringUtilitiesLib\StringUtilitiesLib.csproj", "{31BE1824-8341-4237-982D-31FF2BB12C19}"
EndProject
Project("{FAE04EC0-301F-11D3-BF4B-00C04F79EFBC}") = "StringUtilitiesLib.Tests", "StringUtilitiesLib.Tests\StringUtilitiesLib.Tests.csproj", "{CD5262BC-BFCB-4423-9A56-E88044AFB28D}"
EndProject
Global
	GlobalSection(SolutionConfigurationPlatforms) = preSolution
		Debug|Any CPU = Debug|Any CPU
		Release|Any CPU = Release|Any CPU
	EndGlobalSection
	GlobalSection(ProjectConfigurationPlatforms) = postSolution
		{31BE1824-8341-4237-982D-31FF2BB12C19}.Debug|Any CPU.ActiveCfg = Debug|Any CPU
		{31BE1824-8341-4237-982D-31FF2BB12C19}.Debug|Any CPU.Build.0 = Debug|Any CPU
		{31BE1824-8341-4237-982D-31FF2BB12C19}.Release|Any CPU.ActiveCfg = Release|Any CPU
		{31BE1824-8341-4237-982D-31FF2BB12C19}.Release|Any CPU.Build.0 = Release|Any CPU
		{CD5262BC-BFCB-4423-9A56-E88044AFB28D}.Debug|Any CPU.ActiveCfg = Debug|Any CPU
		{CD5262BC-BFCB-4423-9A56-E88044AFB28D}.Debug|Any CPU.Build.0 = Debug|Any CPU
		{CD5262BC-BFCB-4423-9A56-E88044AFB28D}.Release|Any CPU.ActiveCfg = Release|Any CPU
		{CD5262BC-BFCB-4423-9A56-E88044AFB28D}.Release|Any CPU.Build.0 = Release|Any CPU
	EndGlobalSection
	GlobalSection(SolutionProperties) = preSolution
		HideSolutionNode = FALSE
	EndGlobalSection
	GlobalSection(ExtensibilityGlobals) = postSolution
		SolutionGuid = {6F312D82-CED3-4232-A1E5-21CE16CF56F0}
	EndGlobalSection
EndGlobal
